// !$*UTF8*$!
{
	archiveVersion = 1;
	classes = {
	};
	objectVersion = 54;
	objects = {

/* Begin PBXBuildFile section */
		5046A76F2C3EA43D00C5D6D0 /* RDMPEGCorrectionInfo.swift in Sources */ = {isa = PBXBuildFile; fileRef = 5046A76E2C3EA43D00C5D6D0 /* RDMPEGCorrectionInfo.swift */; };
		5077A0CE2C3FD10100C43187 /* RDMPEGWeakTimerTarget.swift in Sources */ = {isa = PBXBuildFile; fileRef = 5077A0CD2C3FD10100C43187 /* RDMPEGWeakTimerTarget.swift */; };
		732D4DCE1F864AD50005C682 /* RDMPEGPlayerView.m in Sources */ = {isa = PBXBuildFile; fileRef = 73450B201F8290FA009E8F5F /* RDMPEGPlayerView.m */; };
		732D4DCF1F864AD70005C682 /* RDMPEGPlayerView.h in Headers */ = {isa = PBXBuildFile; fileRef = 73450B1F1F8290FA009E8F5F /* RDMPEGPlayerView.h */; settings = {ATTRIBUTES = (Public, ); }; };
		73309E0F1F9E3F22006ED07D /* RDMPEGStream.h in Headers */ = {isa = PBXBuildFile; fileRef = 73309E0D1F9E3F22006ED07D /* RDMPEGStream.h */; settings = {ATTRIBUTES = (Public, ); }; };
		73309E101F9E3F22006ED07D /* RDMPEGStream.m in Sources */ = {isa = PBXBuildFile; fileRef = 73309E0E1F9E3F22006ED07D /* RDMPEGStream.m */; };
		73309ECA1F9E47A7006ED07D /* RDMPEGStream+Decoder.h in Headers */ = {isa = PBXBuildFile; fileRef = 73309EC81F9E47A7006ED07D /* RDMPEGStream+Decoder.h */; };
		73309ECB1F9E47A7006ED07D /* RDMPEGStream+Decoder.m in Sources */ = {isa = PBXBuildFile; fileRef = 73309EC91F9E47A7006ED07D /* RDMPEGStream+Decoder.m */; };
		73398C981F9E0122003C9022 /* VideoToolbox.framework in Frameworks */ = {isa = PBXBuildFile; fileRef = 73398C951F9E0113003C9022 /* VideoToolbox.framework */; };
		73437A9325797077005546B5 /* RDMPEGRenderView.h in Headers */ = {isa = PBXBuildFile; fileRef = 73437A9125797077005546B5 /* RDMPEGRenderView.h */; };
		73437A9B2579755F005546B5 /* RDMPEGPlayer.m in Sources */ = {isa = PBXBuildFile; fileRef = 73450B281F8290FA009E8F5F /* RDMPEGPlayer.m */; };
		73437A9E257975B0005546B5 /* RDMPEGRenderView.m in Sources */ = {isa = PBXBuildFile; fileRef = 73437A9225797077005546B5 /* RDMPEGRenderView.m */; };
		73437AA3257979C8005546B5 /* Metal.framework in Frameworks */ = {isa = PBXBuildFile; fileRef = 73437AA2257979C8005546B5 /* Metal.framework */; };
		73437AA625798426005546B5 /* RDMPEGShaders.metal in Sources */ = {isa = PBXBuildFile; fileRef = 73437AA525798426005546B5 /* RDMPEGShaders.metal */; };
		73450B131F82906B009E8F5F /* RDMPEG.h in Headers */ = {isa = PBXBuildFile; fileRef = 73450B111F82906B009E8F5F /* RDMPEG.h */; settings = {ATTRIBUTES = (Public, ); }; };
		73450B651F8292EE009E8F5F /* RDMPEGPlayer.h in Headers */ = {isa = PBXBuildFile; fileRef = 73450B1D1F8290FA009E8F5F /* RDMPEGPlayer.h */; settings = {ATTRIBUTES = (Public, ); }; };
		734C697E1F8297340031761D /* RDMPEGAudioRenderer.h in Headers */ = {isa = PBXBuildFile; fileRef = 73450B1B1F8290FA009E8F5F /* RDMPEGAudioRenderer.h */; };
		734C697F1F8297340031761D /* RDMPEGAudioRenderer.m in Sources */ = {isa = PBXBuildFile; fileRef = 73450B1C1F8290FA009E8F5F /* RDMPEGAudioRenderer.m */; };
		734C69821F8297340031761D /* RDMPEGRawAudioFrame.h in Headers */ = {isa = PBXBuildFile; fileRef = 73450B251F8290FA009E8F5F /* RDMPEGRawAudioFrame.h */; };
		734C69831F8297340031761D /* RDMPEGRawAudioFrame.m in Sources */ = {isa = PBXBuildFile; fileRef = 73450B261F8290FA009E8F5F /* RDMPEGRawAudioFrame.m */; };
		734C69841F8297340031761D /* RDMPEGFramebuffer.h in Headers */ = {isa = PBXBuildFile; fileRef = 73450B2A1F8290FA009E8F5F /* RDMPEGFramebuffer.h */; };
		734C69851F8297340031761D /* RDMPEGFramebuffer.m in Sources */ = {isa = PBXBuildFile; fileRef = 73450B2C1F8290FA009E8F5F /* RDMPEGFramebuffer.m */; };
		734C69861F8297340031761D /* RDMPEGRenderScheduler.m in Sources */ = {isa = PBXBuildFile; fileRef = 73450B2F1F8290FA009E8F5F /* RDMPEGRenderScheduler.m */; };
		734C69871F8297340031761D /* RDMPEGRenderScheduler.h in Headers */ = {isa = PBXBuildFile; fileRef = 73450B311F8290FA009E8F5F /* RDMPEGRenderScheduler.h */; };
		737C20311F83C0300067E318 /* RDMPEGDecoder.h in Headers */ = {isa = PBXBuildFile; fileRef = 737C202F1F83C0300067E318 /* RDMPEGDecoder.h */; settings = {ATTRIBUTES = (Public, ); }; };
		737C20321F83C0300067E318 /* RDMPEGDecoder.m in Sources */ = {isa = PBXBuildFile; fileRef = 737C20301F83C0300067E318 /* RDMPEGDecoder.m */; };
		737C20351F83C1C50067E318 /* RDMPEGFrames.h in Headers */ = {isa = PBXBuildFile; fileRef = 737C20331F83C1C50067E318 /* RDMPEGFrames.h */; settings = {ATTRIBUTES = (Public, ); }; };
		737C20361F83C1C50067E318 /* RDMPEGFrames.m in Sources */ = {isa = PBXBuildFile; fileRef = 737C20341F83C1C50067E318 /* RDMPEGFrames.m */; };
		737C203C1F83D15C0067E318 /* RDMPEGFrames+Decoder.h in Headers */ = {isa = PBXBuildFile; fileRef = 737C203A1F83D15C0067E318 /* RDMPEGFrames+Decoder.h */; };
		737C203D1F83D15C0067E318 /* RDMPEGFrames+Decoder.m in Sources */ = {isa = PBXBuildFile; fileRef = 737C203B1F83D15C0067E318 /* RDMPEGFrames+Decoder.m */; };
		737C203E1F83DC360067E318 /* RDMPEGIOStream.h in Headers */ = {isa = PBXBuildFile; fileRef = 737C20381F83CEA70067E318 /* RDMPEGIOStream.h */; settings = {ATTRIBUTES = (Public, ); }; };
		737C204B1F83EC970067E318 /* RDMPEGSubtitleASSParser.h in Headers */ = {isa = PBXBuildFile; fileRef = 737C20491F83EC970067E318 /* RDMPEGSubtitleASSParser.h */; };
		737C204C1F83EC970067E318 /* RDMPEGSubtitleASSParser.m in Sources */ = {isa = PBXBuildFile; fileRef = 737C204A1F83EC970067E318 /* RDMPEGSubtitleASSParser.m */; };
		7383129226D9870C0036874B /* RDMPEGOperation.h in Headers */ = {isa = PBXBuildFile; fileRef = 7383129026D9870C0036874B /* RDMPEGOperation.h */; settings = {ATTRIBUTES = (Public, ); }; };
		7383129326D9870C0036874B /* RDMPEGOperation.m in Sources */ = {isa = PBXBuildFile; fileRef = 7383129126D9870C0036874B /* RDMPEGOperation.m */; };
		7383129626D989B20036874B /* RDMPEGOperation+Protected.h in Headers */ = {isa = PBXBuildFile; fileRef = 7383129426D989B20036874B /* RDMPEGOperation+Protected.h */; };
		738312AC26D98E3A0036874B /* RDMobileFFmpegStatistics.h in Headers */ = {isa = PBXBuildFile; fileRef = 738312AA26D98E3A0036874B /* RDMobileFFmpegStatistics.h */; settings = {ATTRIBUTES = (Public, ); }; };
		738312AD26D98E3A0036874B /* RDMobileFFmpegStatistics.m in Sources */ = {isa = PBXBuildFile; fileRef = 738312AB26D98E3A0036874B /* RDMobileFFmpegStatistics.m */; };
		738312B026D98E6D0036874B /* RDMobileFFmpegStatistics+Internal.h in Headers */ = {isa = PBXBuildFile; fileRef = 738312AE26D98E6D0036874B /* RDMobileFFmpegStatistics+Internal.h */; };
		738312BC26D98FCF0036874B /* ffmpegkit.xcframework in Frameworks */ = {isa = PBXBuildFile; fileRef = 738312B326D98FCE0036874B /* ffmpegkit.xcframework */; };
		738312BD26D98FCF0036874B /* libswresample.xcframework in Frameworks */ = {isa = PBXBuildFile; fileRef = 738312B426D98FCE0036874B /* libswresample.xcframework */; };
		738312BE26D98FCF0036874B /* libavdevice.xcframework in Frameworks */ = {isa = PBXBuildFile; fileRef = 738312B526D98FCE0036874B /* libavdevice.xcframework */; };
		738312BF26D98FCF0036874B /* libavfilter.xcframework in Frameworks */ = {isa = PBXBuildFile; fileRef = 738312B626D98FCE0036874B /* libavfilter.xcframework */; };
		738312C026D98FCF0036874B /* lame.xcframework in Frameworks */ = {isa = PBXBuildFile; fileRef = 738312B726D98FCE0036874B /* lame.xcframework */; };
		738312C126D98FCF0036874B /* libavcodec.xcframework in Frameworks */ = {isa = PBXBuildFile; fileRef = 738312B826D98FCE0036874B /* libavcodec.xcframework */; };
		738312C226D98FCF0036874B /* libavutil.xcframework in Frameworks */ = {isa = PBXBuildFile; fileRef = 738312B926D98FCE0036874B /* libavutil.xcframework */; };
		738312C326D98FCF0036874B /* libswscale.xcframework in Frameworks */ = {isa = PBXBuildFile; fileRef = 738312BA26D98FCE0036874B /* libswscale.xcframework */; };
		738312C426D98FCF0036874B /* libavformat.xcframework in Frameworks */ = {isa = PBXBuildFile; fileRef = 738312BB26D98FCF0036874B /* libavformat.xcframework */; };
		73C4FFCC1FA0C9CA0084D489 /* libbz2.tbd in Frameworks */ = {isa = PBXBuildFile; fileRef = 73C4FFC91FA0C9C90084D489 /* libbz2.tbd */; };
		73DCB83125A636E000DDD8D2 /* RDMPEGTextureSamplerYUV.h in Headers */ = {isa = PBXBuildFile; fileRef = 73DCB82F25A636E000DDD8D2 /* RDMPEGTextureSamplerYUV.h */; };
		73DCB83225A636E000DDD8D2 /* RDMPEGTextureSamplerYUV.m in Sources */ = {isa = PBXBuildFile; fileRef = 73DCB83025A636E000DDD8D2 /* RDMPEGTextureSamplerYUV.m */; };
		73DCB83625A6371100DDD8D2 /* RDMPEGTextureSamplerBGRA.h in Headers */ = {isa = PBXBuildFile; fileRef = 73DCB83425A6371100DDD8D2 /* RDMPEGTextureSamplerBGRA.h */; };
		73DCB83725A6371100DDD8D2 /* RDMPEGTextureSamplerBGRA.m in Sources */ = {isa = PBXBuildFile; fileRef = 73DCB83525A6371100DDD8D2 /* RDMPEGTextureSamplerBGRA.m */; };
		73DE14D11F82A7D100E96055 /* libz.tbd in Frameworks */ = {isa = PBXBuildFile; fileRef = 73DE142F1F82A3B200E96055 /* libz.tbd */; };
		73DE14D21F82A7D600E96055 /* libiconv.tbd in Frameworks */ = {isa = PBXBuildFile; fileRef = 73DE14331F82A3F100E96055 /* libiconv.tbd */; };
		73DE14D31F82A7E200E96055 /* Log4Cocoa.framework in Frameworks */ = {isa = PBXBuildFile; fileRef = 739F77B61F82A270009E27EA /* Log4Cocoa.framework */; };
		73DE5F381F86BA8300FAD4E1 /* RDMPEGPlayerView+Player.h in Headers */ = {isa = PBXBuildFile; fileRef = 73DE5F361F86BA8300FAD4E1 /* RDMPEGPlayerView+Player.h */; };
		73DE5F391F86BA8300FAD4E1 /* RDMPEGPlayerView+Player.m in Sources */ = {isa = PBXBuildFile; fileRef = 73DE5F371F86BA8300FAD4E1 /* RDMPEGPlayerView+Player.m */; };
		7890013222AE855000D17F31 /* libc++.tbd in Frameworks */ = {isa = PBXBuildFile; fileRef = 7890012F22AE855000D17F31 /* libc++.tbd */; };
		7890013422AE86E800D17F31 /* AudioToolbox.framework in Frameworks */ = {isa = PBXBuildFile; fileRef = 7890013322AE86E800D17F31 /* AudioToolbox.framework */; };
		AC21AEF524CB2DB800D47C3D /* RDMPEGSelectableInputStream.h in Headers */ = {isa = PBXBuildFile; fileRef = AC21AEF324CB2DB700D47C3D /* RDMPEGSelectableInputStream.h */; settings = {ATTRIBUTES = (Public, ); }; };
		AC21AEF624CB2DB800D47C3D /* RDMPEGSelectableInputStream.m in Sources */ = {isa = PBXBuildFile; fileRef = AC21AEF424CB2DB700D47C3D /* RDMPEGSelectableInputStream.m */; };
		ACA4A46A24F44F44006015F5 /* RDMobileFFmpegOperation.h in Headers */ = {isa = PBXBuildFile; fileRef = ACA4A46824F44F44006015F5 /* RDMobileFFmpegOperation.h */; settings = {ATTRIBUTES = (Public, ); }; };
		ACA4A46B24F44F44006015F5 /* RDMobileFFmpegOperation.m in Sources */ = {isa = PBXBuildFile; fileRef = ACA4A46924F44F44006015F5 /* RDMobileFFmpegOperation.m */; };
/* End PBXBuildFile section */

/* Begin PBXContainerItemProxy section */
		738B8AAD1F82A28E003C2AEC /* PBXContainerItemProxy */ = {
			isa = PBXContainerItemProxy;
			containerPortal = 739F77AB1F82A270009E27EA /* Log4Cocoa.xcodeproj */;
			proxyType = 1;
			remoteGlobalIDString = 8A5B3A2D1C0DC44600AD9356;
			remoteInfo = Log4Cocoa;
		};
		739F77B11F82A270009E27EA /* PBXContainerItemProxy */ = {
			isa = PBXContainerItemProxy;
			containerPortal = 739F77AB1F82A270009E27EA /* Log4Cocoa.xcodeproj */;
			proxyType = 2;
			remoteGlobalIDString = 0D5B4EF114C36987008A00B6;
			remoteInfo = "Log4Cocoa iOS";
		};
		739F77B31F82A270009E27EA /* PBXContainerItemProxy */ = {
			isa = PBXContainerItemProxy;
			containerPortal = 739F77AB1F82A270009E27EA /* Log4Cocoa.xcodeproj */;
			proxyType = 2;
			remoteGlobalIDString = 8AF50DC51B6250D4001E0ACC;
			remoteInfo = Log4CocoaMacOS;
		};
		739F77B51F82A270009E27EA /* PBXContainerItemProxy */ = {
			isa = PBXContainerItemProxy;
			containerPortal = 739F77AB1F82A270009E27EA /* Log4Cocoa.xcodeproj */;
			proxyType = 2;
			remoteGlobalIDString = 8A5B3A2E1C0DC44600AD9356;
			remoteInfo = Log4Cocoa;
		};
/* End PBXContainerItemProxy section */

/* Begin PBXFileReference section */
		5046A76E2C3EA43D00C5D6D0 /* RDMPEGCorrectionInfo.swift */ = {isa = PBXFileReference; lastKnownFileType = sourcecode.swift; path = RDMPEGCorrectionInfo.swift; sourceTree = "<group>"; };
		5077A0CD2C3FD10100C43187 /* RDMPEGWeakTimerTarget.swift */ = {isa = PBXFileReference; lastKnownFileType = sourcecode.swift; path = RDMPEGWeakTimerTarget.swift; sourceTree = "<group>"; };
		73309E0D1F9E3F22006ED07D /* RDMPEGStream.h */ = {isa = PBXFileReference; lastKnownFileType = sourcecode.c.h; path = RDMPEGStream.h; sourceTree = "<group>"; };
		73309E0E1F9E3F22006ED07D /* RDMPEGStream.m */ = {isa = PBXFileReference; lastKnownFileType = sourcecode.c.objc; path = RDMPEGStream.m; sourceTree = "<group>"; };
		73309EC81F9E47A7006ED07D /* RDMPEGStream+Decoder.h */ = {isa = PBXFileReference; lastKnownFileType = sourcecode.c.h; path = "RDMPEGStream+Decoder.h"; sourceTree = "<group>"; };
		73309EC91F9E47A7006ED07D /* RDMPEGStream+Decoder.m */ = {isa = PBXFileReference; lastKnownFileType = sourcecode.c.objc; path = "RDMPEGStream+Decoder.m"; sourceTree = "<group>"; };
		73398C951F9E0113003C9022 /* VideoToolbox.framework */ = {isa = PBXFileReference; lastKnownFileType = wrapper.framework; name = VideoToolbox.framework; path = System/Library/Frameworks/VideoToolbox.framework; sourceTree = SDKROOT; };
		73437A9125797077005546B5 /* RDMPEGRenderView.h */ = {isa = PBXFileReference; lastKnownFileType = sourcecode.c.h; path = RDMPEGRenderView.h; sourceTree = "<group>"; };
		73437A9225797077005546B5 /* RDMPEGRenderView.m */ = {isa = PBXFileReference; lastKnownFileType = sourcecode.c.objc; path = RDMPEGRenderView.m; sourceTree = "<group>"; };
		73437AA2257979C8005546B5 /* Metal.framework */ = {isa = PBXFileReference; lastKnownFileType = wrapper.framework; name = Metal.framework; path = Platforms/MacOSX.platform/Developer/SDKs/MacOSX11.0.sdk/System/Library/Frameworks/Metal.framework; sourceTree = DEVELOPER_DIR; };
		73437AA525798426005546B5 /* RDMPEGShaders.metal */ = {isa = PBXFileReference; lastKnownFileType = sourcecode.metal; path = RDMPEGShaders.metal; sourceTree = "<group>"; };
		73450B0E1F82906B009E8F5F /* RDMPEG.framework */ = {isa = PBXFileReference; explicitFileType = wrapper.framework; includeInIndex = 0; path = RDMPEG.framework; sourceTree = BUILT_PRODUCTS_DIR; };
		73450B111F82906B009E8F5F /* RDMPEG.h */ = {isa = PBXFileReference; lastKnownFileType = sourcecode.c.h; path = RDMPEG.h; sourceTree = "<group>"; };
		73450B121F82906B009E8F5F /* Info.plist */ = {isa = PBXFileReference; lastKnownFileType = text.plist.xml; path = Info.plist; sourceTree = "<group>"; };
		73450B1B1F8290FA009E8F5F /* RDMPEGAudioRenderer.h */ = {isa = PBXFileReference; lastKnownFileType = sourcecode.c.h; path = RDMPEGAudioRenderer.h; sourceTree = "<group>"; };
		73450B1C1F8290FA009E8F5F /* RDMPEGAudioRenderer.m */ = {isa = PBXFileReference; lastKnownFileType = sourcecode.c.objc; path = RDMPEGAudioRenderer.m; sourceTree = "<group>"; };
		73450B1D1F8290FA009E8F5F /* RDMPEGPlayer.h */ = {isa = PBXFileReference; lastKnownFileType = sourcecode.c.h; path = RDMPEGPlayer.h; sourceTree = "<group>"; };
		73450B1F1F8290FA009E8F5F /* RDMPEGPlayerView.h */ = {isa = PBXFileReference; lastKnownFileType = sourcecode.c.h; path = RDMPEGPlayerView.h; sourceTree = "<group>"; };
		73450B201F8290FA009E8F5F /* RDMPEGPlayerView.m */ = {isa = PBXFileReference; lastKnownFileType = sourcecode.c.objc; path = RDMPEGPlayerView.m; sourceTree = "<group>"; };
		73450B251F8290FA009E8F5F /* RDMPEGRawAudioFrame.h */ = {isa = PBXFileReference; lastKnownFileType = sourcecode.c.h; path = RDMPEGRawAudioFrame.h; sourceTree = "<group>"; };
		73450B261F8290FA009E8F5F /* RDMPEGRawAudioFrame.m */ = {isa = PBXFileReference; lastKnownFileType = sourcecode.c.objc; path = RDMPEGRawAudioFrame.m; sourceTree = "<group>"; };
		73450B281F8290FA009E8F5F /* RDMPEGPlayer.m */ = {isa = PBXFileReference; lastKnownFileType = sourcecode.c.objc; path = RDMPEGPlayer.m; sourceTree = "<group>"; };
		73450B2A1F8290FA009E8F5F /* RDMPEGFramebuffer.h */ = {isa = PBXFileReference; lastKnownFileType = sourcecode.c.h; path = RDMPEGFramebuffer.h; sourceTree = "<group>"; };
		73450B2C1F8290FA009E8F5F /* RDMPEGFramebuffer.m */ = {isa = PBXFileReference; lastKnownFileType = sourcecode.c.objc; path = RDMPEGFramebuffer.m; sourceTree = "<group>"; };
		73450B2F1F8290FA009E8F5F /* RDMPEGRenderScheduler.m */ = {isa = PBXFileReference; lastKnownFileType = sourcecode.c.objc; path = RDMPEGRenderScheduler.m; sourceTree = "<group>"; };
		73450B311F8290FA009E8F5F /* RDMPEGRenderScheduler.h */ = {isa = PBXFileReference; lastKnownFileType = sourcecode.c.h; path = RDMPEGRenderScheduler.h; sourceTree = "<group>"; };
		737C202F1F83C0300067E318 /* RDMPEGDecoder.h */ = {isa = PBXFileReference; lastKnownFileType = sourcecode.c.h; path = RDMPEGDecoder.h; sourceTree = "<group>"; };
		737C20301F83C0300067E318 /* RDMPEGDecoder.m */ = {isa = PBXFileReference; lastKnownFileType = sourcecode.c.objc; path = RDMPEGDecoder.m; sourceTree = "<group>"; };
		737C20331F83C1C50067E318 /* RDMPEGFrames.h */ = {isa = PBXFileReference; lastKnownFileType = sourcecode.c.h; path = RDMPEGFrames.h; sourceTree = "<group>"; };
		737C20341F83C1C50067E318 /* RDMPEGFrames.m */ = {isa = PBXFileReference; lastKnownFileType = sourcecode.c.objc; path = RDMPEGFrames.m; sourceTree = "<group>"; };
		737C20381F83CEA70067E318 /* RDMPEGIOStream.h */ = {isa = PBXFileReference; lastKnownFileType = sourcecode.c.h; path = RDMPEGIOStream.h; sourceTree = "<group>"; };
		737C203A1F83D15C0067E318 /* RDMPEGFrames+Decoder.h */ = {isa = PBXFileReference; lastKnownFileType = sourcecode.c.h; path = "RDMPEGFrames+Decoder.h"; sourceTree = "<group>"; };
		737C203B1F83D15C0067E318 /* RDMPEGFrames+Decoder.m */ = {isa = PBXFileReference; lastKnownFileType = sourcecode.c.objc; path = "RDMPEGFrames+Decoder.m"; sourceTree = "<group>"; };
		737C20491F83EC970067E318 /* RDMPEGSubtitleASSParser.h */ = {isa = PBXFileReference; lastKnownFileType = sourcecode.c.h; path = RDMPEGSubtitleASSParser.h; sourceTree = "<group>"; };
		737C204A1F83EC970067E318 /* RDMPEGSubtitleASSParser.m */ = {isa = PBXFileReference; lastKnownFileType = sourcecode.c.objc; path = RDMPEGSubtitleASSParser.m; sourceTree = "<group>"; };
		7383129026D9870C0036874B /* RDMPEGOperation.h */ = {isa = PBXFileReference; lastKnownFileType = sourcecode.c.h; path = RDMPEGOperation.h; sourceTree = "<group>"; };
		7383129126D9870C0036874B /* RDMPEGOperation.m */ = {isa = PBXFileReference; lastKnownFileType = sourcecode.c.objc; path = RDMPEGOperation.m; sourceTree = "<group>"; };
		7383129426D989B20036874B /* RDMPEGOperation+Protected.h */ = {isa = PBXFileReference; lastKnownFileType = sourcecode.c.h; path = "RDMPEGOperation+Protected.h"; sourceTree = "<group>"; };
		738312AA26D98E3A0036874B /* RDMobileFFmpegStatistics.h */ = {isa = PBXFileReference; lastKnownFileType = sourcecode.c.h; path = RDMobileFFmpegStatistics.h; sourceTree = "<group>"; };
		738312AB26D98E3A0036874B /* RDMobileFFmpegStatistics.m */ = {isa = PBXFileReference; lastKnownFileType = sourcecode.c.objc; path = RDMobileFFmpegStatistics.m; sourceTree = "<group>"; };
		738312AE26D98E6D0036874B /* RDMobileFFmpegStatistics+Internal.h */ = {isa = PBXFileReference; lastKnownFileType = sourcecode.c.h; path = "RDMobileFFmpegStatistics+Internal.h"; sourceTree = "<group>"; };
		738312B326D98FCE0036874B /* ffmpegkit.xcframework */ = {isa = PBXFileReference; lastKnownFileType = wrapper.xcframework; name = ffmpegkit.xcframework; path = Dependencies/ffmpegkit.xcframework; sourceTree = "<group>"; };
		738312B426D98FCE0036874B /* libswresample.xcframework */ = {isa = PBXFileReference; lastKnownFileType = wrapper.xcframework; name = libswresample.xcframework; path = Dependencies/libswresample.xcframework; sourceTree = "<group>"; };
		738312B526D98FCE0036874B /* libavdevice.xcframework */ = {isa = PBXFileReference; lastKnownFileType = wrapper.xcframework; name = libavdevice.xcframework; path = Dependencies/libavdevice.xcframework; sourceTree = "<group>"; };
		738312B626D98FCE0036874B /* libavfilter.xcframework */ = {isa = PBXFileReference; lastKnownFileType = wrapper.xcframework; name = libavfilter.xcframework; path = Dependencies/libavfilter.xcframework; sourceTree = "<group>"; };
		738312B726D98FCE0036874B /* lame.xcframework */ = {isa = PBXFileReference; lastKnownFileType = wrapper.xcframework; name = lame.xcframework; path = Dependencies/lame.xcframework; sourceTree = "<group>"; };
		738312B826D98FCE0036874B /* libavcodec.xcframework */ = {isa = PBXFileReference; lastKnownFileType = wrapper.xcframework; name = libavcodec.xcframework; path = Dependencies/libavcodec.xcframework; sourceTree = "<group>"; };
		738312B926D98FCE0036874B /* libavutil.xcframework */ = {isa = PBXFileReference; lastKnownFileType = wrapper.xcframework; name = libavutil.xcframework; path = Dependencies/libavutil.xcframework; sourceTree = "<group>"; };
		738312BA26D98FCE0036874B /* libswscale.xcframework */ = {isa = PBXFileReference; lastKnownFileType = wrapper.xcframework; name = libswscale.xcframework; path = Dependencies/libswscale.xcframework; sourceTree = "<group>"; };
		738312BB26D98FCF0036874B /* libavformat.xcframework */ = {isa = PBXFileReference; lastKnownFileType = wrapper.xcframework; name = libavformat.xcframework; path = Dependencies/libavformat.xcframework; sourceTree = "<group>"; };
		739F77AB1F82A270009E27EA /* Log4Cocoa.xcodeproj */ = {isa = PBXFileReference; lastKnownFileType = "wrapper.pb-project"; name = Log4Cocoa.xcodeproj; path = ../Thirdparty/log4cocoa/Log4Cocoa.xcodeproj; sourceTree = "<group>"; };
		73C4FFC91FA0C9C90084D489 /* libbz2.tbd */ = {isa = PBXFileReference; lastKnownFileType = "sourcecode.text-based-dylib-definition"; name = libbz2.tbd; path = usr/lib/libbz2.tbd; sourceTree = SDKROOT; };
		73DCB82725A6324500DDD8D2 /* RDMPEGShaderTypes.h */ = {isa = PBXFileReference; lastKnownFileType = sourcecode.c.h; path = RDMPEGShaderTypes.h; sourceTree = "<group>"; };
		73DCB82D25A635E200DDD8D2 /* RDMPEGTextureSampler.h */ = {isa = PBXFileReference; lastKnownFileType = sourcecode.c.h; path = RDMPEGTextureSampler.h; sourceTree = "<group>"; };
		73DCB82F25A636E000DDD8D2 /* RDMPEGTextureSamplerYUV.h */ = {isa = PBXFileReference; lastKnownFileType = sourcecode.c.h; path = RDMPEGTextureSamplerYUV.h; sourceTree = "<group>"; };
		73DCB83025A636E000DDD8D2 /* RDMPEGTextureSamplerYUV.m */ = {isa = PBXFileReference; lastKnownFileType = sourcecode.c.objc; path = RDMPEGTextureSamplerYUV.m; sourceTree = "<group>"; };
		73DCB83425A6371100DDD8D2 /* RDMPEGTextureSamplerBGRA.h */ = {isa = PBXFileReference; lastKnownFileType = sourcecode.c.h; path = RDMPEGTextureSamplerBGRA.h; sourceTree = "<group>"; };
		73DCB83525A6371100DDD8D2 /* RDMPEGTextureSamplerBGRA.m */ = {isa = PBXFileReference; lastKnownFileType = sourcecode.c.objc; path = RDMPEGTextureSamplerBGRA.m; sourceTree = "<group>"; };
		73DE142F1F82A3B200E96055 /* libz.tbd */ = {isa = PBXFileReference; lastKnownFileType = "sourcecode.text-based-dylib-definition"; name = libz.tbd; path = usr/lib/libz.tbd; sourceTree = SDKROOT; };
		73DE14331F82A3F100E96055 /* libiconv.tbd */ = {isa = PBXFileReference; lastKnownFileType = "sourcecode.text-based-dylib-definition"; name = libiconv.tbd; path = usr/lib/libiconv.tbd; sourceTree = SDKROOT; };
		73DE5F361F86BA8300FAD4E1 /* RDMPEGPlayerView+Player.h */ = {isa = PBXFileReference; lastKnownFileType = sourcecode.c.h; path = "RDMPEGPlayerView+Player.h"; sourceTree = "<group>"; };
		73DE5F371F86BA8300FAD4E1 /* RDMPEGPlayerView+Player.m */ = {isa = PBXFileReference; lastKnownFileType = sourcecode.c.objc; path = "RDMPEGPlayerView+Player.m"; sourceTree = "<group>"; };
		7890012F22AE855000D17F31 /* libc++.tbd */ = {isa = PBXFileReference; lastKnownFileType = "sourcecode.text-based-dylib-definition"; name = "libc++.tbd"; path = "usr/lib/libc++.tbd"; sourceTree = SDKROOT; };
		7890013322AE86E800D17F31 /* AudioToolbox.framework */ = {isa = PBXFileReference; lastKnownFileType = wrapper.framework; name = AudioToolbox.framework; path = System/Library/Frameworks/AudioToolbox.framework; sourceTree = SDKROOT; };
		AC21AEF324CB2DB700D47C3D /* RDMPEGSelectableInputStream.h */ = {isa = PBXFileReference; lastKnownFileType = sourcecode.c.h; path = RDMPEGSelectableInputStream.h; sourceTree = "<group>"; };
		AC21AEF424CB2DB700D47C3D /* RDMPEGSelectableInputStream.m */ = {isa = PBXFileReference; lastKnownFileType = sourcecode.c.objc; path = RDMPEGSelectableInputStream.m; sourceTree = "<group>"; };
		ACA4A46824F44F44006015F5 /* RDMobileFFmpegOperation.h */ = {isa = PBXFileReference; lastKnownFileType = sourcecode.c.h; path = RDMobileFFmpegOperation.h; sourceTree = "<group>"; };
		ACA4A46924F44F44006015F5 /* RDMobileFFmpegOperation.m */ = {isa = PBXFileReference; lastKnownFileType = sourcecode.c.objc; path = RDMobileFFmpegOperation.m; sourceTree = "<group>"; };
/* End PBXFileReference section */

/* Begin PBXFrameworksBuildPhase section */
		73450B0A1F82906B009E8F5F /* Frameworks */ = {
			isa = PBXFrameworksBuildPhase;
			buildActionMask = 2147483647;
			files = (
				73437AA3257979C8005546B5 /* Metal.framework in Frameworks */,
				7890013422AE86E800D17F31 /* AudioToolbox.framework in Frameworks */,
				738312BC26D98FCF0036874B /* ffmpegkit.xcframework in Frameworks */,
				7890013222AE855000D17F31 /* libc++.tbd in Frameworks */,
				738312C226D98FCF0036874B /* libavutil.xcframework in Frameworks */,
				738312C026D98FCF0036874B /* lame.xcframework in Frameworks */,
				738312C326D98FCF0036874B /* libswscale.xcframework in Frameworks */,
				73398C981F9E0122003C9022 /* VideoToolbox.framework in Frameworks */,
				738312BE26D98FCF0036874B /* libavdevice.xcframework in Frameworks */,
				738312BF26D98FCF0036874B /* libavfilter.xcframework in Frameworks */,
				73C4FFCC1FA0C9CA0084D489 /* libbz2.tbd in Frameworks */,
				738312C126D98FCF0036874B /* libavcodec.xcframework in Frameworks */,
				738312BD26D98FCF0036874B /* libswresample.xcframework in Frameworks */,
				73DE14D31F82A7E200E96055 /* Log4Cocoa.framework in Frameworks */,
				73DE14D21F82A7D600E96055 /* libiconv.tbd in Frameworks */,
				738312C426D98FCF0036874B /* libavformat.xcframework in Frameworks */,
				73DE14D11F82A7D100E96055 /* libz.tbd in Frameworks */,
			);
			runOnlyForDeploymentPostprocessing = 0;
		};
/* End PBXFrameworksBuildPhase section */

/* Begin PBXGroup section */
		73309E0A1F9E3F09006ED07D /* RDMPEGStream */ = {
			isa = PBXGroup;
			children = (
				73309E0D1F9E3F22006ED07D /* RDMPEGStream.h */,
				73309E0E1F9E3F22006ED07D /* RDMPEGStream.m */,
				73309EC81F9E47A7006ED07D /* RDMPEGStream+Decoder.h */,
				73309EC91F9E47A7006ED07D /* RDMPEGStream+Decoder.m */,
				AC21AEF324CB2DB700D47C3D /* RDMPEGSelectableInputStream.h */,
				AC21AEF424CB2DB700D47C3D /* RDMPEGSelectableInputStream.m */,
			);
			path = RDMPEGStream;
			sourceTree = "<group>";
		};
		73450B041F82906B009E8F5F = {
			isa = PBXGroup;
			children = (
				73450B101F82906B009E8F5F /* RDMPEG */,
				739F77AA1F82A22F009E27EA /* Frameworks */,
				73450B0F1F82906B009E8F5F /* Products */,
			);
			sourceTree = "<group>";
		};
		73450B0F1F82906B009E8F5F /* Products */ = {
			isa = PBXGroup;
			children = (
				73450B0E1F82906B009E8F5F /* RDMPEG.framework */,
			);
			name = Products;
			sourceTree = "<group>";
		};
		73450B101F82906B009E8F5F /* RDMPEG */ = {
			isa = PBXGroup;
			children = (
				789001E122AEB89100D17F31 /* RDMPEGConverter */,
				737C202E1F83C01C0067E318 /* RDMPEGDecoder */,
				73450B191F8290FA009E8F5F /* RDMPEGPlayer */,
				7383128F26D986DE0036874B /* RDMPEGOperation */,
				73450B111F82906B009E8F5F /* RDMPEG.h */,
				73450B121F82906B009E8F5F /* Info.plist */,
			);
			path = RDMPEG;
			sourceTree = "<group>";
		};
		73450B191F8290FA009E8F5F /* RDMPEGPlayer */ = {
			isa = PBXGroup;
			children = (
				73450B1A1F8290FA009E8F5F /* RDMPEGAudioRenderer */,
				73450B1E1F8290FA009E8F5F /* RDMPEGPlayerView */,
				73450B211F8290FA009E8F5F /* RDMPEGCorrectionInfo */,
				73450B241F8290FA009E8F5F /* RDMPEGRawAudioFrame */,
				73450B291F8290FA009E8F5F /* RDMPEGFramebuffer */,
				73450B2E1F8290FA009E8F5F /* RDMPEGRenderScheduler */,
				739F77551F82A051009E27EA /* RDMPEGWeakTimerTarget */,
				73450B1D1F8290FA009E8F5F /* RDMPEGPlayer.h */,
				73450B281F8290FA009E8F5F /* RDMPEGPlayer.m */,
			);
			path = RDMPEGPlayer;
			sourceTree = "<group>";
		};
		73450B1A1F8290FA009E8F5F /* RDMPEGAudioRenderer */ = {
			isa = PBXGroup;
			children = (
				73450B1B1F8290FA009E8F5F /* RDMPEGAudioRenderer.h */,
				73450B1C1F8290FA009E8F5F /* RDMPEGAudioRenderer.m */,
			);
			path = RDMPEGAudioRenderer;
			sourceTree = "<group>";
		};
		73450B1E1F8290FA009E8F5F /* RDMPEGPlayerView */ = {
			isa = PBXGroup;
			children = (
				737C203F1F83E36C0067E318 /* RDMPEGRenderView */,
				73450B1F1F8290FA009E8F5F /* RDMPEGPlayerView.h */,
				73450B201F8290FA009E8F5F /* RDMPEGPlayerView.m */,
				73DE5F361F86BA8300FAD4E1 /* RDMPEGPlayerView+Player.h */,
				73DE5F371F86BA8300FAD4E1 /* RDMPEGPlayerView+Player.m */,
			);
			path = RDMPEGPlayerView;
			sourceTree = "<group>";
		};
		73450B211F8290FA009E8F5F /* RDMPEGCorrectionInfo */ = {
			isa = PBXGroup;
			children = (
				5046A76E2C3EA43D00C5D6D0 /* RDMPEGCorrectionInfo.swift */,
			);
			path = RDMPEGCorrectionInfo;
			sourceTree = "<group>";
		};
		73450B241F8290FA009E8F5F /* RDMPEGRawAudioFrame */ = {
			isa = PBXGroup;
			children = (
				73450B251F8290FA009E8F5F /* RDMPEGRawAudioFrame.h */,
				73450B261F8290FA009E8F5F /* RDMPEGRawAudioFrame.m */,
			);
			path = RDMPEGRawAudioFrame;
			sourceTree = "<group>";
		};
		73450B291F8290FA009E8F5F /* RDMPEGFramebuffer */ = {
			isa = PBXGroup;
			children = (
				73450B2A1F8290FA009E8F5F /* RDMPEGFramebuffer.h */,
				73450B2C1F8290FA009E8F5F /* RDMPEGFramebuffer.m */,
			);
			path = RDMPEGFramebuffer;
			sourceTree = "<group>";
		};
		73450B2E1F8290FA009E8F5F /* RDMPEGRenderScheduler */ = {
			isa = PBXGroup;
			children = (
				73450B311F8290FA009E8F5F /* RDMPEGRenderScheduler.h */,
				73450B2F1F8290FA009E8F5F /* RDMPEGRenderScheduler.m */,
			);
			path = RDMPEGRenderScheduler;
			sourceTree = "<group>";
		};
		737C202E1F83C01C0067E318 /* RDMPEGDecoder */ = {
			isa = PBXGroup;
			children = (
				73309E0A1F9E3F09006ED07D /* RDMPEGStream */,
				737C20371F83C1CC0067E318 /* RDMPEGFrames */,
				737C20481F83EC730067E318 /* RDMPEGSubtitleASSParser */,
				737C20381F83CEA70067E318 /* RDMPEGIOStream.h */,
				737C202F1F83C0300067E318 /* RDMPEGDecoder.h */,
				737C20301F83C0300067E318 /* RDMPEGDecoder.m */,
			);
			path = RDMPEGDecoder;
			sourceTree = "<group>";
		};
		737C20371F83C1CC0067E318 /* RDMPEGFrames */ = {
			isa = PBXGroup;
			children = (
				737C20331F83C1C50067E318 /* RDMPEGFrames.h */,
				737C20341F83C1C50067E318 /* RDMPEGFrames.m */,
				737C203A1F83D15C0067E318 /* RDMPEGFrames+Decoder.h */,
				737C203B1F83D15C0067E318 /* RDMPEGFrames+Decoder.m */,
			);
			path = RDMPEGFrames;
			sourceTree = "<group>";
		};
		737C203F1F83E36C0067E318 /* RDMPEGRenderView */ = {
			isa = PBXGroup;
			children = (
				73DCB82C25A6358F00DDD8D2 /* RDMPEGShaders */,
				73DCB82A25A6325A00DDD8D2 /* RDMPEGTextureSampler */,
				73437A9125797077005546B5 /* RDMPEGRenderView.h */,
				73437A9225797077005546B5 /* RDMPEGRenderView.m */,
			);
			name = RDMPEGRenderView;
			path = ../../RDMPEGRenderView;
			sourceTree = "<group>";
		};
		737C20481F83EC730067E318 /* RDMPEGSubtitleASSParser */ = {
			isa = PBXGroup;
			children = (
				737C20491F83EC970067E318 /* RDMPEGSubtitleASSParser.h */,
				737C204A1F83EC970067E318 /* RDMPEGSubtitleASSParser.m */,
			);
			path = RDMPEGSubtitleASSParser;
			sourceTree = "<group>";
		};
		7383128F26D986DE0036874B /* RDMPEGOperation */ = {
			isa = PBXGroup;
			children = (
				7383129026D9870C0036874B /* RDMPEGOperation.h */,
				7383129426D989B20036874B /* RDMPEGOperation+Protected.h */,
				7383129126D9870C0036874B /* RDMPEGOperation.m */,
			);
			path = RDMPEGOperation;
			sourceTree = "<group>";
		};
		738312B226D98E7F0036874B /* RDMobileFFmpegStatistics */ = {
			isa = PBXGroup;
			children = (
				738312AA26D98E3A0036874B /* RDMobileFFmpegStatistics.h */,
				738312AE26D98E6D0036874B /* RDMobileFFmpegStatistics+Internal.h */,
				738312AB26D98E3A0036874B /* RDMobileFFmpegStatistics.m */,
			);
			path = RDMobileFFmpegStatistics;
			sourceTree = "<group>";
		};
		739F77551F82A051009E27EA /* RDMPEGWeakTimerTarget */ = {
			isa = PBXGroup;
			children = (
				5077A0CD2C3FD10100C43187 /* RDMPEGWeakTimerTarget.swift */,
			);
			path = RDMPEGWeakTimerTarget;
			sourceTree = "<group>";
		};
		739F77AA1F82A22F009E27EA /* Frameworks */ = {
			isa = PBXGroup;
			children = (
				738312B326D98FCE0036874B /* ffmpegkit.xcframework */,
				738312B726D98FCE0036874B /* lame.xcframework */,
				738312B826D98FCE0036874B /* libavcodec.xcframework */,
				738312B526D98FCE0036874B /* libavdevice.xcframework */,
				738312B626D98FCE0036874B /* libavfilter.xcframework */,
				738312BB26D98FCF0036874B /* libavformat.xcframework */,
				738312B926D98FCE0036874B /* libavutil.xcframework */,
				738312B426D98FCE0036874B /* libswresample.xcframework */,
				738312BA26D98FCE0036874B /* libswscale.xcframework */,
				73437AA2257979C8005546B5 /* Metal.framework */,
				7890013322AE86E800D17F31 /* AudioToolbox.framework */,
				7890012F22AE855000D17F31 /* libc++.tbd */,
				73C4FFC91FA0C9C90084D489 /* libbz2.tbd */,
				73398C951F9E0113003C9022 /* VideoToolbox.framework */,
				73DE14331F82A3F100E96055 /* libiconv.tbd */,
				73DE142F1F82A3B200E96055 /* libz.tbd */,
				739F77AB1F82A270009E27EA /* Log4Cocoa.xcodeproj */,
			);
			name = Frameworks;
			sourceTree = "<group>";
		};
		739F77AC1F82A270009E27EA /* Products */ = {
			isa = PBXGroup;
			children = (
				739F77B21F82A270009E27EA /* libLog4Cocoa.a */,
				739F77B41F82A270009E27EA /* Log4Cocoa.framework */,
				739F77B61F82A270009E27EA /* Log4Cocoa.framework */,
			);
			name = Products;
			sourceTree = "<group>";
		};
		73DCB82A25A6325A00DDD8D2 /* RDMPEGTextureSampler */ = {
			isa = PBXGroup;
			children = (
				73DCB82D25A635E200DDD8D2 /* RDMPEGTextureSampler.h */,
				73DCB82F25A636E000DDD8D2 /* RDMPEGTextureSamplerYUV.h */,
				73DCB83025A636E000DDD8D2 /* RDMPEGTextureSamplerYUV.m */,
				73DCB83425A6371100DDD8D2 /* RDMPEGTextureSamplerBGRA.h */,
				73DCB83525A6371100DDD8D2 /* RDMPEGTextureSamplerBGRA.m */,
			);
			path = RDMPEGTextureSampler;
			sourceTree = "<group>";
		};
		73DCB82C25A6358F00DDD8D2 /* RDMPEGShaders */ = {
			isa = PBXGroup;
			children = (
				73DCB82725A6324500DDD8D2 /* RDMPEGShaderTypes.h */,
				73437AA525798426005546B5 /* RDMPEGShaders.metal */,
			);
			path = RDMPEGShaders;
			sourceTree = "<group>";
		};
		789001E122AEB89100D17F31 /* RDMPEGConverter */ = {
			isa = PBXGroup;
			children = (
				738312B226D98E7F0036874B /* RDMobileFFmpegStatistics */,
				ACA4A46824F44F44006015F5 /* RDMobileFFmpegOperation.h */,
				ACA4A46924F44F44006015F5 /* RDMobileFFmpegOperation.m */,
			);
			path = RDMPEGConverter;
			sourceTree = "<group>";
		};
/* End PBXGroup section */

/* Begin PBXHeadersBuildPhase section */
		73450B0B1F82906B009E8F5F /* Headers */ = {
			isa = PBXHeadersBuildPhase;
			buildActionMask = 2147483647;
			files = (
				73309E0F1F9E3F22006ED07D /* RDMPEGStream.h in Headers */,
				734C69821F8297340031761D /* RDMPEGRawAudioFrame.h in Headers */,
				ACA4A46A24F44F44006015F5 /* RDMobileFFmpegOperation.h in Headers */,
				AC21AEF524CB2DB800D47C3D /* RDMPEGSelectableInputStream.h in Headers */,
				73309ECA1F9E47A7006ED07D /* RDMPEGStream+Decoder.h in Headers */,
				734C69841F8297340031761D /* RDMPEGFramebuffer.h in Headers */,
				73DCB83625A6371100DDD8D2 /* RDMPEGTextureSamplerBGRA.h in Headers */,
				737C203C1F83D15C0067E318 /* RDMPEGFrames+Decoder.h in Headers */,
				73450B651F8292EE009E8F5F /* RDMPEGPlayer.h in Headers */,
				734C69871F8297340031761D /* RDMPEGRenderScheduler.h in Headers */,
				73DCB83125A636E000DDD8D2 /* RDMPEGTextureSamplerYUV.h in Headers */,
				73450B131F82906B009E8F5F /* RDMPEG.h in Headers */,
				737C20351F83C1C50067E318 /* RDMPEGFrames.h in Headers */,
				732D4DCF1F864AD70005C682 /* RDMPEGPlayerView.h in Headers */,
				738312B026D98E6D0036874B /* RDMobileFFmpegStatistics+Internal.h in Headers */,
				734C697E1F8297340031761D /* RDMPEGAudioRenderer.h in Headers */,
				73437A9325797077005546B5 /* RDMPEGRenderView.h in Headers */,
				737C204B1F83EC970067E318 /* RDMPEGSubtitleASSParser.h in Headers */,
				737C20311F83C0300067E318 /* RDMPEGDecoder.h in Headers */,
				7383129226D9870C0036874B /* RDMPEGOperation.h in Headers */,
				73DE5F381F86BA8300FAD4E1 /* RDMPEGPlayerView+Player.h in Headers */,
				7383129626D989B20036874B /* RDMPEGOperation+Protected.h in Headers */,
				737C203E1F83DC360067E318 /* RDMPEGIOStream.h in Headers */,
				738312AC26D98E3A0036874B /* RDMobileFFmpegStatistics.h in Headers */,
			);
			runOnlyForDeploymentPostprocessing = 0;
		};
/* End PBXHeadersBuildPhase section */

/* Begin PBXNativeTarget section */
		73450B0D1F82906B009E8F5F /* RDMPEG */ = {
			isa = PBXNativeTarget;
			buildConfigurationList = 73450B161F82906B009E8F5F /* Build configuration list for PBXNativeTarget "RDMPEG" */;
			buildPhases = (
				73450B091F82906B009E8F5F /* Sources */,
				73450B0A1F82906B009E8F5F /* Frameworks */,
				73450B0B1F82906B009E8F5F /* Headers */,
				73450B0C1F82906B009E8F5F /* Resources */,
			);
			buildRules = (
			);
			dependencies = (
				738B8AAE1F82A28E003C2AEC /* PBXTargetDependency */,
			);
			name = RDMPEG;
			productName = RDMPEG;
			productReference = 73450B0E1F82906B009E8F5F /* RDMPEG.framework */;
			productType = "com.apple.product-type.framework";
		};
/* End PBXNativeTarget section */

/* Begin PBXProject section */
		73450B051F82906B009E8F5F /* Project object */ = {
			isa = PBXProject;
			attributes = {
				LastUpgradeCheck = 1400;
				ORGANIZATIONNAME = Readdle;
				TargetAttributes = {
					73450B0D1F82906B009E8F5F = {
						CreatedOnToolsVersion = 9.0;
						LastSwiftMigration = 1540;
						ProvisioningStyle = Automatic;
					};
				};
			};
			buildConfigurationList = 73450B081F82906B009E8F5F /* Build configuration list for PBXProject "RDMPEG" */;
			compatibilityVersion = "Xcode 8.0";
			developmentRegion = en;
			hasScannedForEncodings = 0;
			knownRegions = (
				en,
				Base,
			);
			mainGroup = 73450B041F82906B009E8F5F;
			productRefGroup = 73450B0F1F82906B009E8F5F /* Products */;
			projectDirPath = "";
			projectReferences = (
				{
					ProductGroup = 739F77AC1F82A270009E27EA /* Products */;
					ProjectRef = 739F77AB1F82A270009E27EA /* Log4Cocoa.xcodeproj */;
				},
			);
			projectRoot = "";
			targets = (
				73450B0D1F82906B009E8F5F /* RDMPEG */,
			);
		};
/* End PBXProject section */

/* Begin PBXReferenceProxy section */
		739F77B21F82A270009E27EA /* libLog4Cocoa.a */ = {
			isa = PBXReferenceProxy;
			fileType = archive.ar;
			path = libLog4Cocoa.a;
			remoteRef = 739F77B11F82A270009E27EA /* PBXContainerItemProxy */;
			sourceTree = BUILT_PRODUCTS_DIR;
		};
		739F77B41F82A270009E27EA /* Log4Cocoa.framework */ = {
			isa = PBXReferenceProxy;
			fileType = wrapper.framework;
			path = Log4Cocoa.framework;
			remoteRef = 739F77B31F82A270009E27EA /* PBXContainerItemProxy */;
			sourceTree = BUILT_PRODUCTS_DIR;
		};
		739F77B61F82A270009E27EA /* Log4Cocoa.framework */ = {
			isa = PBXReferenceProxy;
			fileType = wrapper.framework;
			path = Log4Cocoa.framework;
			remoteRef = 739F77B51F82A270009E27EA /* PBXContainerItemProxy */;
			sourceTree = BUILT_PRODUCTS_DIR;
		};
/* End PBXReferenceProxy section */

/* Begin PBXResourcesBuildPhase section */
		73450B0C1F82906B009E8F5F /* Resources */ = {
			isa = PBXResourcesBuildPhase;
			buildActionMask = 2147483647;
			files = (
			);
			runOnlyForDeploymentPostprocessing = 0;
		};
/* End PBXResourcesBuildPhase section */

/* Begin PBXSourcesBuildPhase section */
		73450B091F82906B009E8F5F /* Sources */ = {
			isa = PBXSourcesBuildPhase;
			buildActionMask = 2147483647;
			files = (
				5046A76F2C3EA43D00C5D6D0 /* RDMPEGCorrectionInfo.swift in Sources */,
				738312AD26D98E3A0036874B /* RDMobileFFmpegStatistics.m in Sources */,
				73309E101F9E3F22006ED07D /* RDMPEGStream.m in Sources */,
				73437AA625798426005546B5 /* RDMPEGShaders.metal in Sources */,
				737C203D1F83D15C0067E318 /* RDMPEGFrames+Decoder.m in Sources */,
				734C69831F8297340031761D /* RDMPEGRawAudioFrame.m in Sources */,
				73DE5F391F86BA8300FAD4E1 /* RDMPEGPlayerView+Player.m in Sources */,
				7383129326D9870C0036874B /* RDMPEGOperation.m in Sources */,
				734C697F1F8297340031761D /* RDMPEGAudioRenderer.m in Sources */,
				ACA4A46B24F44F44006015F5 /* RDMobileFFmpegOperation.m in Sources */,
				73437A9E257975B0005546B5 /* RDMPEGRenderView.m in Sources */,
				737C20321F83C0300067E318 /* RDMPEGDecoder.m in Sources */,
				737C20361F83C1C50067E318 /* RDMPEGFrames.m in Sources */,
				732D4DCE1F864AD50005C682 /* RDMPEGPlayerView.m in Sources */,
				73309ECB1F9E47A7006ED07D /* RDMPEGStream+Decoder.m in Sources */,
				737C204C1F83EC970067E318 /* RDMPEGSubtitleASSParser.m in Sources */,
				734C69851F8297340031761D /* RDMPEGFramebuffer.m in Sources */,
				73DCB83225A636E000DDD8D2 /* RDMPEGTextureSamplerYUV.m in Sources */,
				73437A9B2579755F005546B5 /* RDMPEGPlayer.m in Sources */,
				73DCB83725A6371100DDD8D2 /* RDMPEGTextureSamplerBGRA.m in Sources */,
				5077A0CE2C3FD10100C43187 /* RDMPEGWeakTimerTarget.swift in Sources */,
				734C69861F8297340031761D /* RDMPEGRenderScheduler.m in Sources */,
				AC21AEF624CB2DB800D47C3D /* RDMPEGSelectableInputStream.m in Sources */,
			);
			runOnlyForDeploymentPostprocessing = 0;
		};
/* End PBXSourcesBuildPhase section */

/* Begin PBXTargetDependency section */
		738B8AAE1F82A28E003C2AEC /* PBXTargetDependency */ = {
			isa = PBXTargetDependency;
			name = Log4Cocoa;
			targetProxy = 738B8AAD1F82A28E003C2AEC /* PBXContainerItemProxy */;
		};
/* End PBXTargetDependency section */

/* Begin XCBuildConfiguration section */
		73450B141F82906B009E8F5F /* Debug */ = {
			isa = XCBuildConfiguration;
			buildSettings = {
				CLANG_ANALYZER_NONNULL = YES;
				CLANG_ANALYZER_NUMBER_OBJECT_CONVERSION = YES_AGGRESSIVE;
				CLANG_CXX_LANGUAGE_STANDARD = "gnu++14";
				CLANG_CXX_LIBRARY = "libc++";
				CLANG_ENABLE_MODULES = YES;
				CLANG_ENABLE_OBJC_ARC = YES;
				CLANG_WARN_BLOCK_CAPTURE_AUTORELEASING = YES;
				CLANG_WARN_BOOL_CONVERSION = YES;
				CLANG_WARN_COMMA = YES;
				CLANG_WARN_CONSTANT_CONVERSION = YES;
				CLANG_WARN_DEPRECATED_OBJC_IMPLEMENTATIONS = YES;
				CLANG_WARN_DIRECT_OBJC_ISA_USAGE = YES_ERROR;
				CLANG_WARN_DOCUMENTATION_COMMENTS = YES;
				CLANG_WARN_EMPTY_BODY = YES;
				CLANG_WARN_ENUM_CONVERSION = YES;
				CLANG_WARN_INFINITE_RECURSION = YES;
				CLANG_WARN_INT_CONVERSION = YES;
				CLANG_WARN_NON_LITERAL_NULL_CONVERSION = YES;
				CLANG_WARN_OBJC_IMPLICIT_RETAIN_SELF = YES;
				CLANG_WARN_OBJC_LITERAL_CONVERSION = YES;
				CLANG_WARN_OBJC_ROOT_CLASS = YES_ERROR;
				CLANG_WARN_RANGE_LOOP_ANALYSIS = YES;
				CLANG_WARN_STRICT_PROTOTYPES = YES;
				CLANG_WARN_SUSPICIOUS_MOVE = YES;
				CLANG_WARN_UNGUARDED_AVAILABILITY = YES_AGGRESSIVE;
				CLANG_WARN_UNREACHABLE_CODE = YES;
				CLANG_WARN__DUPLICATE_METHOD_MATCH = YES;
				CODE_SIGN_IDENTITY = "iPhone Developer";
				COPY_PHASE_STRIP = NO;
				CURRENT_PROJECT_VERSION = 1;
				DEBUG_INFORMATION_FORMAT = dwarf;
				ENABLE_BITCODE = NO;
				ENABLE_STRICT_OBJC_MSGSEND = YES;
				ENABLE_TESTABILITY = YES;
				GCC_C_LANGUAGE_STANDARD = gnu11;
				GCC_DYNAMIC_NO_PIC = NO;
				GCC_NO_COMMON_BLOCKS = YES;
				GCC_OPTIMIZATION_LEVEL = 0;
				GCC_PREPROCESSOR_DEFINITIONS = (
					"DEBUG=1",
					"$(inherited)",
				);
				GCC_WARN_64_TO_32_BIT_CONVERSION = YES;
				GCC_WARN_ABOUT_RETURN_TYPE = YES_ERROR;
				GCC_WARN_UNDECLARED_SELECTOR = YES;
				GCC_WARN_UNINITIALIZED_AUTOS = YES_AGGRESSIVE;
				GCC_WARN_UNUSED_FUNCTION = YES;
				GCC_WARN_UNUSED_VARIABLE = YES;
				IPHONEOS_DEPLOYMENT_TARGET = 15.0;
				MTL_ENABLE_DEBUG_INFO = YES;
				ONLY_ACTIVE_ARCH = YES;
				SDKROOT = iphoneos;
				VALID_ARCHS = "x86_64 armv7s arm64e arm64";
				VERSIONING_SYSTEM = "apple-generic";
				VERSION_INFO_PREFIX = "";
			};
			name = Debug;
		};
		73450B151F82906B009E8F5F /* Release */ = {
			isa = XCBuildConfiguration;
			buildSettings = {
				CLANG_ANALYZER_NONNULL = YES;
				CLANG_ANALYZER_NUMBER_OBJECT_CONVERSION = YES_AGGRESSIVE;
				CLANG_CXX_LANGUAGE_STANDARD = "gnu++14";
				CLANG_CXX_LIBRARY = "libc++";
				CLANG_ENABLE_MODULES = YES;
				CLANG_ENABLE_OBJC_ARC = YES;
				CLANG_WARN_BLOCK_CAPTURE_AUTORELEASING = YES;
				CLANG_WARN_BOOL_CONVERSION = YES;
				CLANG_WARN_COMMA = YES;
				CLANG_WARN_CONSTANT_CONVERSION = YES;
				CLANG_WARN_DEPRECATED_OBJC_IMPLEMENTATIONS = YES;
				CLANG_WARN_DIRECT_OBJC_ISA_USAGE = YES_ERROR;
				CLANG_WARN_DOCUMENTATION_COMMENTS = YES;
				CLANG_WARN_EMPTY_BODY = YES;
				CLANG_WARN_ENUM_CONVERSION = YES;
				CLANG_WARN_INFINITE_RECURSION = YES;
				CLANG_WARN_INT_CONVERSION = YES;
				CLANG_WARN_NON_LITERAL_NULL_CONVERSION = YES;
				CLANG_WARN_OBJC_IMPLICIT_RETAIN_SELF = YES;
				CLANG_WARN_OBJC_LITERAL_CONVERSION = YES;
				CLANG_WARN_OBJC_ROOT_CLASS = YES_ERROR;
				CLANG_WARN_RANGE_LOOP_ANALYSIS = YES;
				CLANG_WARN_STRICT_PROTOTYPES = YES;
				CLANG_WARN_SUSPICIOUS_MOVE = YES;
				CLANG_WARN_UNGUARDED_AVAILABILITY = YES_AGGRESSIVE;
				CLANG_WARN_UNREACHABLE_CODE = YES;
				CLANG_WARN__DUPLICATE_METHOD_MATCH = YES;
				CODE_SIGN_IDENTITY = "iPhone Developer";
				COPY_PHASE_STRIP = NO;
				CURRENT_PROJECT_VERSION = 1;
				DEBUG_INFORMATION_FORMAT = "dwarf-with-dsym";
				ENABLE_BITCODE = NO;
				ENABLE_NS_ASSERTIONS = NO;
				ENABLE_STRICT_OBJC_MSGSEND = YES;
				GCC_C_LANGUAGE_STANDARD = gnu11;
				GCC_NO_COMMON_BLOCKS = YES;
				GCC_WARN_64_TO_32_BIT_CONVERSION = YES;
				GCC_WARN_ABOUT_RETURN_TYPE = YES_ERROR;
				GCC_WARN_UNDECLARED_SELECTOR = YES;
				GCC_WARN_UNINITIALIZED_AUTOS = YES_AGGRESSIVE;
				GCC_WARN_UNUSED_FUNCTION = YES;
				GCC_WARN_UNUSED_VARIABLE = YES;
				IPHONEOS_DEPLOYMENT_TARGET = 15.0;
				MTL_ENABLE_DEBUG_INFO = NO;
				SDKROOT = iphoneos;
				VALIDATE_PRODUCT = YES;
				VALID_ARCHS = "x86_64 armv7s arm64e arm64";
				VERSIONING_SYSTEM = "apple-generic";
				VERSION_INFO_PREFIX = "";
			};
			name = Release;
		};
		73450B171F82906B009E8F5F /* Debug */ = {
			isa = XCBuildConfiguration;
			buildSettings = {
				ALWAYS_EMBED_SWIFT_STANDARD_LIBRARIES = YES;
				CLANG_ENABLE_MODULES = YES;
				CLANG_WARN_DOCUMENTATION_COMMENTS = NO;
				CLANG_WARN_STRICT_PROTOTYPES = NO;
				CODE_SIGN_IDENTITY = "";
				CODE_SIGN_STYLE = Automatic;
				DEFINES_MODULE = YES;
				DEVELOPMENT_TEAM = WWAGX48JW3;
				DYLIB_COMPATIBILITY_VERSION = 1;
				DYLIB_CURRENT_VERSION = 1;
				DYLIB_INSTALL_NAME_BASE = "@rpath";
				ENABLE_BITCODE = NO;
				INFOPLIST_FILE = RDMPEG/Info.plist;
				INSTALL_PATH = "$(LOCAL_LIBRARY_DIR)/Frameworks";
				LD_RUNPATH_SEARCH_PATHS = (
					"$(inherited)",
					"@executable_path/Frameworks",
					"@loader_path/Frameworks",
				);
				MODULE_VERIFIER_SUPPORTED_LANGUAGES = "objective-c swift";
				OTHER_LDFLAGS = (
					"-Xlinker",
					"-no_compact_unwind",
				);
				PRODUCT_BUNDLE_IDENTIFIER = com.readdle.RDMPEG;
				PRODUCT_NAME = "$(TARGET_NAME:c99extidentifier)";
				SKIP_INSTALL = YES;
				SUPPORTS_MACCATALYST = NO;
				SWIFT_INSTALL_OBJC_HEADER = YES;
				SWIFT_OPTIMIZATION_LEVEL = "-Onone";
				SWIFT_VERSION = 5.0;
				TARGETED_DEVICE_FAMILY = "1,2";
				VALID_ARCHS = "$(inherited)";
			};
			name = Debug;
		};
		73450B181F82906B009E8F5F /* Release */ = {
			isa = XCBuildConfiguration;
			buildSettings = {
				ALWAYS_EMBED_SWIFT_STANDARD_LIBRARIES = YES;
				CLANG_ENABLE_MODULES = YES;
				CLANG_WARN_DOCUMENTATION_COMMENTS = NO;
				CLANG_WARN_STRICT_PROTOTYPES = NO;
				CODE_SIGN_IDENTITY = "";
				CODE_SIGN_STYLE = Automatic;
				DEFINES_MODULE = YES;
				DEVELOPMENT_TEAM = WWAGX48JW3;
				DYLIB_COMPATIBILITY_VERSION = 1;
				DYLIB_CURRENT_VERSION = 1;
				DYLIB_INSTALL_NAME_BASE = "@rpath";
				ENABLE_BITCODE = NO;
				INFOPLIST_FILE = RDMPEG/Info.plist;
				INSTALL_PATH = "$(LOCAL_LIBRARY_DIR)/Frameworks";
				LD_RUNPATH_SEARCH_PATHS = (
					"$(inherited)",
					"@executable_path/Frameworks",
					"@loader_path/Frameworks",
				);
				MODULE_VERIFIER_SUPPORTED_LANGUAGES = "objective-c swift";
				OTHER_LDFLAGS = (
					"-Xlinker",
					"-no_compact_unwind",
				);
				PRODUCT_BUNDLE_IDENTIFIER = com.readdle.RDMPEG;
				PRODUCT_NAME = "$(TARGET_NAME:c99extidentifier)";
				SKIP_INSTALL = YES;
				SUPPORTS_MACCATALYST = NO;
				SWIFT_INSTALL_OBJC_HEADER = YES;
				SWIFT_VERSION = 5.0;
				TARGETED_DEVICE_FAMILY = "1,2";
				VALID_ARCHS = "$(inherited)";
			};
			name = Release;
		};
/* End XCBuildConfiguration section */

/* Begin XCConfigurationList section */
		73450B081F82906B009E8F5F /* Build configuration list for PBXProject "RDMPEG" */ = {
			isa = XCConfigurationList;
			buildConfigurations = (
				73450B141F82906B009E8F5F /* Debug */,
				73450B151F82906B009E8F5F /* Release */,
			);
			defaultConfigurationIsVisible = 0;
			defaultConfigurationName = Release;
		};
		73450B161F82906B009E8F5F /* Build configuration list for PBXNativeTarget "RDMPEG" */ = {
			isa = XCConfigurationList;
			buildConfigurations = (
				73450B171F82906B009E8F5F /* Debug */,
				73450B181F82906B009E8F5F /* Release */,
			);
			defaultConfigurationIsVisible = 0;
			defaultConfigurationName = Release;
		};
/* End XCConfigurationList section */
	};
	rootObject = 73450B051F82906B009E8F5F /* Project object */;
}
